
Microsoft Visual Studio Solution File, Format Version 12.00
# Visual Studio 14
VisualStudioVersion = 14.0.25420.1
MinimumVisualStudioVersion = 10.0.40219.1
Project("{FAE04EC0-301F-11D3-BF4B-00C04F79EFBC}") = "NHibernateDemoStudent", "NHN.TUT\NHibernateDemoStudent.csproj", "{9215E399-FCFA-460E-90FD-7F8439C8DD9E}"
EndProject
Project("{FAE04EC0-301F-11D3-BF4B-00C04F79EFBC}") = "NHibernateDemoCustomer", "NHibernateDemoCustomer\NHibernateDemoCustomer.csproj", "{36CB940A-F2A1-4A3B-812F-8BFCBDC1C112}"
EndProject
Project("{FAE04EC0-301F-11D3-BF4B-00C04F79EFBC}") = "NHibernateDemoFluentAPI", "NHibernateDemoFluentAPI\NHibernateDemoFluentAPI.csproj", "{BB3874CB-D233-4984-AE66-0FAC5335DF25}"
EndProject
Project("{FAE04EC0-301F-11D3-BF4B-00C04F79EFBC}") = "UI-CA", "UI-CA\UI-CA.csproj", "{2B7F9B5B-94E0-47AC-ACBA-9429379ACEFA}"
EndProject
Project("{FAE04EC0-301F-11D3-BF4B-00C04F79EFBC}") = "DAL", "DAL\DAL.csproj", "{899DF3D2-FA47-45CF-8832-15A0B44242AE}"
EndProject
Project("{FAE04EC0-301F-11D3-BF4B-00C04F79EFBC}") = "Domain", "Domain\Domain.csproj", "{A84EABB6-B964-4664-BF2A-71B54CBE3012}"
EndProject
Global
	GlobalSection(SolutionConfigurationPlatforms) = preSolution
		Debug|Any CPU = Debug|Any CPU
		Release|Any CPU = Release|Any CPU
	EndGlobalSection
	GlobalSection(ProjectConfigurationPlatforms) = postSolution
		{9215E399-FCFA-460E-90FD-7F8439C8DD9E}.Debug|Any CPU.ActiveCfg = Debug|Any CPU
		{9215E399-FCFA-460E-90FD-7F8439C8DD9E}.Debug|Any CPU.Build.0 = Debug|Any CPU
		{9215E399-FCFA-460E-90FD-7F8439C8DD9E}.Release|Any CPU.ActiveCfg = Release|Any CPU
		{9215E399-FCFA-460E-90FD-7F8439C8DD9E}.Release|Any CPU.Build.0 = Release|Any CPU
		{36CB940A-F2A1-4A3B-812F-8BFCBDC1C112}.Debug|Any CPU.ActiveCfg = Debug|Any CPU
		{36CB940A-F2A1-4A3B-812F-8BFCBDC1C112}.Debug|Any CPU.Build.0 = Debug|Any CPU
		{36CB940A-F2A1-4A3B-812F-8BFCBDC1C112}.Release|Any CPU.ActiveCfg = Release|Any CPU
		{36CB940A-F2A1-4A3B-812F-8BFCBDC1C112}.Release|Any CPU.Build.0 = Release|Any CPU
		{BB3874CB-D233-4984-AE66-0FAC5335DF25}.Debug|Any CPU.ActiveCfg = Debug|Any CPU
		{BB3874CB-D233-4984-AE66-0FAC5335DF25}.Debug|Any CPU.Build.0 = Debug|Any CPU
		{BB3874CB-D233-4984-AE66-0FAC5335DF25}.Release|Any CPU.ActiveCfg = Release|Any CPU
		{BB3874CB-D233-4984-AE66-0FAC5335DF25}.Release|Any CPU.Build.0 = Release|Any CPU
		{2B7F9B5B-94E0-47AC-ACBA-9429379ACEFA}.Debug|Any CPU.ActiveCfg = Debug|Any CPU
		{2B7F9B5B-94E0-47AC-ACBA-9429379ACEFA}.Debug|Any CPU.Build.0 = Debug|Any CPU
		{2B7F9B5B-94E0-47AC-ACBA-9429379ACEFA}.Release|Any CPU.ActiveCfg = Release|Any CPU
		{2B7F9B5B-94E0-47AC-ACBA-9429379ACEFA}.Release|Any CPU.Build.0 = Release|Any CPU
		{899DF3D2-FA47-45CF-8832-15A0B44242AE}.Debug|Any CPU.ActiveCfg = Debug|Any CPU
		{899DF3D2-FA47-45CF-8832-15A0B44242AE}.Debug|Any CPU.Build.0 = Debug|Any CPU
		{899DF3D2-FA47-45CF-8832-15A0B44242AE}.Release|Any CPU.ActiveCfg = Release|Any CPU
		{899DF3D2-FA47-45CF-8832-15A0B44242AE}.Release|Any CPU.Build.0 = Release|Any CPU
		{A84EABB6-B964-4664-BF2A-71B54CBE3012}.Debug|Any CPU.ActiveCfg = Debug|Any CPU
		{A84EABB6-B964-4664-BF2A-71B54CBE3012}.Debug|Any CPU.Build.0 = Debug|Any CPU
		{A84EABB6-B964-4664-BF2A-71B54CBE3012}.Release|Any CPU.ActiveCfg = Release|Any CPU
		{A84EABB6-B964-4664-BF2A-71B54CBE3012}.Release|Any CPU.Build.0 = Release|Any CPU
	EndGlobalSection
	GlobalSection(SolutionProperties) = preSolution
		HideSolutionNode = FALSE
	EndGlobalSection
EndGlobal
